<?xml version="1.0" encoding="utf-8"?>
<Project ToolsVersion="4.0" xmlns="http://schemas.microsoft.com/developer/msbuild/2003">
  <ItemGroup>
    <ClCompile Include="Source\Main.cpp" />
    <ClCompile Include="Source\StartForestScene.cpp">
      <Filter>Scenes</Filter>
    </ClCompile>
    <ClCompile Include="Source\TutorialForestScene.cpp">
      <Filter>Scenes</Filter>
    </ClCompile>
    <ClCompile Include="Source\TutorialScene_4.cpp">
      <Filter>Scenes</Filter>
    </ClCompile>
    <ClCompile Include="Source\TownScene.cpp">
      <Filter>Scenes</Filter>
    </ClCompile>
    <ClCompile Include="Source\PerfTimer.cpp">
      <Filter>Core\Utils</Filter>
    </ClCompile>
    <ClCompile Include="Source\Timer.cpp">
      <Filter>Core\Utils</Filter>
    </ClCompile>
    <ClCompile Include="Source\Credits.cpp">
      <Filter>Scenes</Filter>
    </ClCompile>
    <ClCompile Include="Source\Chaman.cpp">
      <Filter>Battle\Characters</Filter>
    </ClCompile>
    <ClCompile Include="Source\Paladin.cpp">
      <Filter>Battle\Characters</Filter>
    </ClCompile>
    <ClCompile Include="Source\Triana.cpp">
      <Filter>Entities\NPCs</Filter>
    </ClCompile>
    <ClCompile Include="Source\GameplayScreen.cpp">
      <Filter>Scenes</Filter>
    </ClCompile>
    <ClCompile Include="Source\LogoScreen.cpp">
      <Filter>Scenes</Filter>
    </ClCompile>
    <ClCompile Include="Source\Ability.cpp">
      <Filter>Battle\Abilities</Filter>
    </ClCompile>
    <ClCompile Include="Source\BasicBackRowHit.cpp">
      <Filter>Battle\Abilities</Filter>
    </ClCompile>
    <ClCompile Include="Source\BasicFrontRowHit.cpp">
      <Filter>Battle\Abilities</Filter>
    </ClCompile>
    <ClCompile Include="Source\TitleScreen.cpp">
      <Filter>Scenes</Filter>
    </ClCompile>
    <ClCompile Include="Source\Audio.cpp">
      <Filter>Core\Modules</Filter>
    </ClCompile>
    <ClCompile Include="Source\Render.cpp">
      <Filter>Core\Modules</Filter>
    </ClCompile>
    <ClCompile Include="Source\Window.cpp">
      <Filter>Core\Modules</Filter>
    </ClCompile>
    <ClCompile Include="Source\Textures.cpp">
      <Filter>Core\Modules</Filter>
    </ClCompile>
    <ClCompile Include="Source\Log.cpp">
      <Filter>Core\Utils</Filter>
    </ClCompile>
    <ClCompile Include="Source\QuitPanel.cpp">
      <Filter>GUI\Panels</Filter>
    </ClCompile>
    <ClCompile Include="Source\BattlePanel.cpp">
      <Filter>GUI\Panels</Filter>
    </ClCompile>
    <ClCompile Include="Source\FadeToBlack.cpp">
      <Filter>Core\Modules</Filter>
    </ClCompile>
    <ClCompile Include="Source\Enemy.cpp">
      <Filter>Battle\Enemies</Filter>
    </ClCompile>
    <ClCompile Include="Source\FallenAngel.cpp">
      <Filter>Battle\Enemies</Filter>
    </ClCompile>
    <ClCompile Include="Source\Gargoyle.cpp">
      <Filter>Battle\Enemies</Filter>
    </ClCompile>
    <ClCompile Include="Source\Dialog.cpp">
      <Filter>Dialogs</Filter>
    </ClCompile>
    <ClCompile Include="Source\DialogNode.cpp">
      <Filter>Dialogs</Filter>
    </ClCompile>
    <ClCompile Include="Source\GuiSlider.cpp">
      <Filter>GUI</Filter>
    </ClCompile>
    <ClCompile Include="Source\GuiToggle.cpp">
      <Filter>GUI</Filter>
    </ClCompile>
    <ClCompile Include="Source\PausePanel.cpp">
      <Filter>GUI\Panels</Filter>
    </ClCompile>
    <ClCompile Include="Source\SettingsPanel.cpp">
      <Filter>GUI\Panels</Filter>
    </ClCompile>
    <ClCompile Include="Source\TitlePanel.cpp">
      <Filter>GUI\Panels</Filter>
    </ClCompile>
    <ClCompile Include="Source\GuiPanel.cpp">
      <Filter>GUI</Filter>
    </ClCompile>
    <ClCompile Include="Source\GuiManager.cpp">
      <Filter>Core\Modules</Filter>
    </ClCompile>
    <ClCompile Include="Source\Input.cpp">
      <Filter>Core\Modules</Filter>
    </ClCompile>
    <ClCompile Include="Source\PlayerModule.cpp">
      <Filter>Core\Modules</Filter>
    </ClCompile>
    <ClCompile Include="Source\GuiButton.cpp">
      <Filter>GUI</Filter>
    </ClCompile>
    <ClCompile Include="Source\External\PugiXml\src\pugixml.cpp">
      <Filter>Core\pugixml</Filter>
    </ClCompile>
    <ClCompile Include="Source\App.cpp">
      <Filter>Core</Filter>
    </ClCompile>
    <ClCompile Include="Source\Fonts.cpp">
      <Filter>Core\Modules</Filter>
    </ClCompile>
    <ClCompile Include="Source\Button.cpp">
      <Filter>Dialogs</Filter>
    </ClCompile>
    <ClCompile Include="Source\ModuleCollisions.cpp">
      <Filter>Core\Modules</Filter>
    </ClCompile>
    <ClCompile Include="Source\Collider.cpp">
      <Filter>Core</Filter>
    </ClCompile>
    <ClCompile Include="Source\DialogModule.cpp">
      <Filter>Core\Modules</Filter>
    </ClCompile>
    <ClCompile Include="Source\NPC.cpp">
      <Filter>Entities</Filter>
    </ClCompile>
    <ClCompile Include="Source\AlanParsons.cpp">
      <Filter>Entities\NPCs</Filter>
    </ClCompile>
    <ClCompile Include="Source\SisterMadonna.cpp">
      <Filter>Entities\NPCs</Filter>
    </ClCompile>
    <ClCompile Include="Source\Character.cpp">
      <Filter>Battle</Filter>
    </ClCompile>
    <ClCompile Include="Source\GargoyleTest.cpp">
      <Filter>Entities</Filter>
    </ClCompile>
    <ClCompile Include="Source\BattleScene.cpp">
      <Filter>Scenes</Filter>
    </ClCompile>
    <ClCompile Include="Source\BGhost.cpp">
      <Filter>Battle\Enemies</Filter>
    </ClCompile>
    <ClCompile Include="Source\AssetsManager.cpp">
      <Filter>Core\Modules</Filter>
    </ClCompile>
    <ClCompile Include="Source\Scene.cpp" />
  </ItemGroup>
  <ItemGroup>
    <ClInclude Include="Source\StartForestScene.h">
      <Filter>Scenes</Filter>
    </ClInclude>
    <ClInclude Include="Source\TutorialForestScene.h">
      <Filter>Scenes</Filter>
    </ClInclude>
    <ClInclude Include="Source\TutorialScene_4.h">
      <Filter>Scenes</Filter>
    </ClInclude>
    <ClInclude Include="Source\TownScene.h">
      <Filter>Scenes</Filter>
    </ClInclude>
    <ClInclude Include="Source\PerfTimer.h">
      <Filter>Core\Utils</Filter>
    </ClInclude>
    <ClInclude Include="Source\PQueue.h">
      <Filter>Core\Utils</Filter>
    </ClInclude>
    <ClInclude Include="Source\Point.h">
      <Filter>Core\Utils</Filter>
    </ClInclude>
    <ClInclude Include="Source\Timer.h">
      <Filter>Core\Utils</Filter>
    </ClInclude>
    <ClInclude Include="Source\Credits.h">
      <Filter>Scenes</Filter>
    </ClInclude>
    <ClInclude Include="Source\Chaman.h">
      <Filter>Battle\Characters</Filter>
    </ClInclude>
    <ClInclude Include="Source\Paladin.h">
      <Filter>Battle\Characters</Filter>
    </ClInclude>
    <ClInclude Include="Source\Triana.h">
      <Filter>Entities\NPCs</Filter>
    </ClInclude>
    <ClInclude Include="Source\LogoScreen.h">
      <Filter>Scenes</Filter>
    </ClInclude>
    <ClInclude Include="Source\GameplaySceen.h">
      <Filter>Scenes</Filter>
    </ClInclude>
    <ClInclude Include="Source\Ability.h">
      <Filter>Battle\Abilities</Filter>
    </ClInclude>
    <ClInclude Include="Source\BasicFrontRowHit.h">
      <Filter>Battle\Abilities</Filter>
    </ClInclude>
    <ClInclude Include="Source\BasicBackRowHit.h">
      <Filter>Battle\Abilities</Filter>
    </ClInclude>
    <ClInclude Include="Source\TitleScreen.h">
      <Filter>Scenes</Filter>
    </ClInclude>
    <ClInclude Include="Source\Audio.h">
      <Filter>Core\Modules</Filter>
    </ClInclude>
    <ClInclude Include="Source\Render.h">
      <Filter>Core\Modules</Filter>
    </ClInclude>
    <ClInclude Include="Source\Window.h">
      <Filter>Core\Modules</Filter>
    </ClInclude>
    <ClInclude Include="Source\Textures.h">
      <Filter>Core\Modules</Filter>
    </ClInclude>
    <ClInclude Include="Source\p2List.h">
      <Filter>Core\Utils</Filter>
    </ClInclude>
    <ClInclude Include="Source\Log.h">
      <Filter>Core\Utils</Filter>
    </ClInclude>
    <ClInclude Include="Source\List.h">
      <Filter>Core\Utils</Filter>
    </ClInclude>
    <ClInclude Include="Source\SString.h">
      <Filter>Core\Utils</Filter>
    </ClInclude>
    <ClInclude Include="Source\Defs.h">
      <Filter>Core\Utils</Filter>
    </ClInclude>
    <ClInclude Include="Source\QuitPanel.h">
      <Filter>GUI\Panels</Filter>
    </ClInclude>
    <ClInclude Include="Source\BattlePanel.h">
      <Filter>GUI\Panels</Filter>
    </ClInclude>
    <ClInclude Include="Source\FadeToBlack.h">
      <Filter>Core\Modules</Filter>
    </ClInclude>
    <ClInclude Include="Source\Enemy.h">
      <Filter>Battle\Enemies</Filter>
    </ClInclude>
    <ClInclude Include="Source\FallenAngel.h">
      <Filter>Battle\Enemies</Filter>
    </ClInclude>
    <ClInclude Include="Source\Gargoyle.h">
      <Filter>Battle\Enemies</Filter>
    </ClInclude>
    <ClInclude Include="Source\Dialog.h">
      <Filter>Dialogs</Filter>
    </ClInclude>
    <ClInclude Include="Source\DialogNode.h">
      <Filter>Dialogs</Filter>
    </ClInclude>
    <ClInclude Include="Source\GuiToggle.h">
      <Filter>GUI</Filter>
    </ClInclude>
    <ClInclude Include="Source\GuiSlider.h">
      <Filter>GUI</Filter>
    </ClInclude>
    <ClInclude Include="Source\PausePanel.h">
      <Filter>GUI\Panels</Filter>
    </ClInclude>
    <ClInclude Include="Source\SettingsPanel.h">
      <Filter>GUI\Panels</Filter>
    </ClInclude>
    <ClInclude Include="Source\TitlePanel.h">
      <Filter>GUI\Panels</Filter>
    </ClInclude>
    <ClInclude Include="Source\GuiPanel.h">
      <Filter>GUI</Filter>
    </ClInclude>
    <ClInclude Include="Source\GuiManager.h">
      <Filter>Core\Modules</Filter>
    </ClInclude>
    <ClInclude Include="Source\Input.h">
      <Filter>Core\Modules</Filter>
    </ClInclude>
    <ClInclude Include="Source\Module.h">
      <Filter>Core\Modules</Filter>
    </ClInclude>
    <ClInclude Include="Source\PlayerModule.h">
      <Filter>Core\Modules</Filter>
    </ClInclude>
    <ClInclude Include="Source\Queue.h">
      <Filter>Core\Utils</Filter>
    </ClInclude>
    <ClInclude Include="Source\DynArray.h">
      <Filter>Core\Utils</Filter>
    </ClInclude>
    <ClInclude Include="Source\GuiButton.h">
      <Filter>GUI</Filter>
    </ClInclude>
    <ClInclude Include="Source\GuiControl.h">
      <Filter>GUI</Filter>
    </ClInclude>
    <ClInclude Include="Source\External\PugiXml\src\pugiconfig.hpp">
      <Filter>Core\pugixml</Filter>
    </ClInclude>
    <ClInclude Include="Source\External\PugiXml\src\pugixml.hpp">
      <Filter>Core\pugixml</Filter>
    </ClInclude>
    <ClInclude Include="Source\App.h">
      <Filter>Core</Filter>
    </ClInclude>
    <ClInclude Include="Source\Fonts.h">
      <Filter>Core\Modules</Filter>
    </ClInclude>
    <ClInclude Include="Source\Button.h">
      <Filter>Dialogs</Filter>
    </ClInclude>
    <ClInclude Include="Source\ModuleCollisions.h">
      <Filter>Core\Modules</Filter>
    </ClInclude>
    <ClInclude Include="Source\Collider.h">
      <Filter>Core</Filter>
    </ClInclude>
    <ClInclude Include="Source\Animation.h">
      <Filter>Core</Filter>
    </ClInclude>
    <ClInclude Include="Source\DialogModule.h">
      <Filter>Core\Modules</Filter>
    </ClInclude>
    <ClInclude Include="Source\NPC.h">
      <Filter>Entities</Filter>
    </ClInclude>
    <ClInclude Include="Source\AlanParsons.h">
      <Filter>Entities\NPCs</Filter>
    </ClInclude>
    <ClInclude Include="Source\SisterMadonna.h">
      <Filter>Entities\NPCs</Filter>
    </ClInclude>
    <ClInclude Include="Source\Character.h">
      <Filter>Battle</Filter>
    </ClInclude>
    <ClInclude Include="Source\GargoyleTest.h">
      <Filter>Entities</Filter>
    </ClInclude>
    <ClInclude Include="Source\BattleScene.h">
      <Filter>Scenes</Filter>
    </ClInclude>
    <ClInclude Include="Source\BGhost.h">
      <Filter>Battle\Enemies</Filter>
    </ClInclude>
    <ClInclude Include="Source\AssetsManager.h">
      <Filter>Core\Modules</Filter>
    </ClInclude>
    <ClInclude Include="Source\Scene.h" />
  </ItemGroup>
  <ItemGroup>
    <Filter Include="Scenes">
      <UniqueIdentifier>{c3e1b887-886a-45bc-9233-e359b3487bc2}</UniqueIdentifier>
    </Filter>
    <Filter Include="Core">
      <UniqueIdentifier>{66ca7e07-807d-4e4c-905f-6a6561b3cacc}</UniqueIdentifier>
    </Filter>
    <Filter Include="Core\Utils">
      <UniqueIdentifier>{5c4ae244-adc3-441b-bbb0-ef62e24888d5}</UniqueIdentifier>
    </Filter>
    <Filter Include="Entities">
      <UniqueIdentifier>{eae208cc-7f04-4d1b-aeba-c96499ec0102}</UniqueIdentifier>
    </Filter>
    <Filter Include="Entities\NPCs">
      <UniqueIdentifier>{332a8fab-32e3-4289-aa78-67b7b6c90e43}</UniqueIdentifier>
    </Filter>
    <Filter Include="Core\Modules">
      <UniqueIdentifier>{747f70ba-fa9c-46b6-972f-43fe2b76b32e}</UniqueIdentifier>
    </Filter>
    <Filter Include="GUI">
      <UniqueIdentifier>{47b3da88-58ce-4874-9bd9-9a7d862ff3e9}</UniqueIdentifier>
    </Filter>
    <Filter Include="GUI\Panels">
      <UniqueIdentifier>{186f15bc-4b44-49fd-8c2a-3de425b2372b}</UniqueIdentifier>
    </Filter>
    <Filter Include="Dialogs">
      <UniqueIdentifier>{a219e556-c12f-49d0-8cf0-88ae7896bb7e}</UniqueIdentifier>
    </Filter>
    <Filter Include="Core\pugixml">
      <UniqueIdentifier>{8a8ed1d9-4c2d-4d62-8acd-741f17f79ae7}</UniqueIdentifier>
    </Filter>
    <Filter Include="Battle">
      <UniqueIdentifier>{1559c83f-c88f-439e-86e0-8e490c68f3f9}</UniqueIdentifier>
    </Filter>
    <Filter Include="Battle\Enemies">
      <UniqueIdentifier>{5a6ea445-24c1-4d26-ba5d-341ccd951bc8}</UniqueIdentifier>
    </Filter>
    <Filter Include="Battle\Characters">
      <UniqueIdentifier>{9c00a7b0-8c6c-4b82-bfca-b03d36c91755}</UniqueIdentifier>
    </Filter>
    <Filter Include="Battle\Abilities">
      <UniqueIdentifier>{1d55569d-9294-4525-9b47-771e113d4e7d}</UniqueIdentifier>
    </Filter>
  </ItemGroup>
</Project>