<?xml version="1.0" encoding="utf-8"?>
<Project ToolsVersion="4.0" xmlns="http://schemas.microsoft.com/developer/msbuild/2003">
  <ItemGroup>
    <ClCompile Include="Source\Window.cpp" />
    <ClCompile Include="Source\Textures.cpp" />
    <ClCompile Include="Source\Render.cpp" />
    <ClCompile Include="Source\Main.cpp" />
    <ClCompile Include="Source\Input.cpp" />
    <ClCompile Include="Source\Audio.cpp" />
    <ClCompile Include="Source\App.cpp" />
    <ClCompile Include="Source\Log.cpp">
      <Filter>Utils</Filter>
    </ClCompile>
    <ClCompile Include="Source\External\PugiXml\src\pugixml.cpp">
      <Filter>External\PugiXml</Filter>
    </ClCompile>
    <ClCompile Include="Source\PerfTimer.cpp" />
    <ClCompile Include="Source\Timer.cpp" />
    <ClCompile Include="Source\PlayerModule.cpp" />
    <ClCompile Include="Source\BattleModule.cpp" />
    <ClCompile Include="Source\Chaman.cpp">
      <Filter>Characters</Filter>
    </ClCompile>
    <ClCompile Include="Source\Character.cpp">
      <Filter>Characters</Filter>
    </ClCompile>
    <ClCompile Include="Source\Paladin.cpp">
      <Filter>Characters</Filter>
    </ClCompile>
    <ClCompile Include="Source\Ability.cpp">
      <Filter>Abilities</Filter>
    </ClCompile>
    <ClCompile Include="Source\Gargoyle.cpp">
      <Filter>Characters</Filter>
    </ClCompile>
    <ClCompile Include="Source\FallenAngel.cpp">
      <Filter>Characters</Filter>
    </ClCompile>
    <ClCompile Include="Source\BasicFrontRowHit.cpp">
      <Filter>Abilities</Filter>
    </ClCompile>
    <ClCompile Include="Source\BasicBackRowHit.cpp">
      <Filter>Abilities</Filter>
    </ClCompile>
    <ClCompile Include="Source\Enemy.cpp">
      <Filter>Characters</Filter>
    </ClCompile>
    <ClCompile Include="Source\FadeToBlack.cpp" />
    <ClCompile Include="Source\TitleScreen.cpp">
      <Filter>Scenes</Filter>
    </ClCompile>
    <ClCompile Include="Source\LogoScreen.cpp">
      <Filter>Scenes</Filter>
    </ClCompile>
    <ClCompile Include="Source\GuiButton.cpp">
      <Filter>GUI</Filter>
    </ClCompile>
    <ClCompile Include="Source\GuiManager.cpp">
      <Filter>GUI</Filter>
    </ClCompile>
    <ClCompile Include="Source\GuiPanel.cpp">
      <Filter>GUI</Filter>
    </ClCompile>
    <ClCompile Include="Source\GuiSlider.cpp">
      <Filter>GUI</Filter>
    </ClCompile>
    <ClCompile Include="Source\GuiToggle.cpp">
      <Filter>GUI</Filter>
    </ClCompile>
    <ClCompile Include="Source\TitlePanel.cpp">
      <Filter>GUI\Panels</Filter>
    </ClCompile>
    <ClCompile Include="Source\SettingsPanel.cpp">
      <Filter>GUI\Panels</Filter>
    </ClCompile>
    <ClCompile Include="Source\QuitPanel.cpp">
      <Filter>GUI\Panels</Filter>
    </ClCompile>
  </ItemGroup>
  <ItemGroup>
    <ClInclude Include="Source\Window.h" />
    <ClInclude Include="Source\Textures.h" />
    <ClInclude Include="Source\Render.h" />
    <ClInclude Include="Source\Module.h" />
    <ClInclude Include="Source\Input.h" />
    <ClInclude Include="Source\Audio.h" />
    <ClInclude Include="Source\App.h" />
    <ClInclude Include="Source\Defs.h">
      <Filter>Utils</Filter>
    </ClInclude>
    <ClInclude Include="Source\DynArray.h">
      <Filter>Utils</Filter>
    </ClInclude>
    <ClInclude Include="Source\List.h">
      <Filter>Utils</Filter>
    </ClInclude>
    <ClInclude Include="Source\Log.h">
      <Filter>Utils</Filter>
    </ClInclude>
    <ClInclude Include="Source\Point.h">
      <Filter>Utils</Filter>
    </ClInclude>
    <ClInclude Include="Source\SString.h">
      <Filter>Utils</Filter>
    </ClInclude>
    <ClInclude Include="Source\External\PugiXml\src\pugiconfig.hpp">
      <Filter>External\PugiXml</Filter>
    </ClInclude>
    <ClInclude Include="Source\External\PugiXml\src\pugixml.hpp">
      <Filter>External\PugiXml</Filter>
    </ClInclude>
    <ClInclude Include="Source\Queue.h">
      <Filter>Utils</Filter>
    </ClInclude>
    <ClInclude Include="Source\PerfTimer.h" />
    <ClInclude Include="Source\Timer.h" />
    <ClInclude Include="Source\PlayerModule.h" />
    <ClInclude Include="Source\BattleModule.h" />
    <ClInclude Include="Source\Character.h">
      <Filter>Characters</Filter>
    </ClInclude>
    <ClInclude Include="Source\Chaman.h">
      <Filter>Characters</Filter>
    </ClInclude>
    <ClInclude Include="Source\Paladin.h">
      <Filter>Characters</Filter>
    </ClInclude>
    <ClInclude Include="Source\Ability.h">
      <Filter>Abilities</Filter>
    </ClInclude>
    <ClInclude Include="Source\Gargoyle.h">
      <Filter>Characters</Filter>
    </ClInclude>
    <ClInclude Include="Source\FallenAngel.h">
      <Filter>Characters</Filter>
    </ClInclude>
    <ClInclude Include="Source\BasicFrontRowHit.h">
      <Filter>Abilities</Filter>
    </ClInclude>
    <ClInclude Include="Source\BasicBackRowHit.h">
      <Filter>Abilities</Filter>
    </ClInclude>
    <ClInclude Include="Source\Enemy.h">
      <Filter>Characters</Filter>
    </ClInclude>
    <ClInclude Include="Source\PQueue.h">
      <Filter>Utils</Filter>
    </ClInclude>
    <ClInclude Include="Source\FadeToBlack.h" />
    <ClInclude Include="Source\TitleScreen.h">
      <Filter>Scenes</Filter>
    </ClInclude>
    <ClInclude Include="Source\Animation.h">
      <Filter>Utils</Filter>
    </ClInclude>
    <ClInclude Include="Source\p2List.h">
      <Filter>Utils</Filter>
    </ClInclude>
    <ClInclude Include="Source\LogoScreen.h">
      <Filter>Scenes</Filter>
    </ClInclude>
    <ClInclude Include="Source\GuiButton.h">
      <Filter>GUI</Filter>
    </ClInclude>
    <ClInclude Include="Source\GuiControl.h">
      <Filter>GUI</Filter>
    </ClInclude>
    <ClInclude Include="Source\GuiManager.h">
      <Filter>GUI</Filter>
    </ClInclude>
    <ClInclude Include="Source\GuiPanel.h">
      <Filter>GUI</Filter>
    </ClInclude>
    <ClInclude Include="Source\GuiSlider.h">
      <Filter>GUI</Filter>
    </ClInclude>
    <ClInclude Include="Source\GuiToggle.h">
      <Filter>GUI</Filter>
    </ClInclude>
    <ClInclude Include="Source\TitlePanel.h">
      <Filter>GUI\Panels</Filter>
    </ClInclude>
    <ClInclude Include="Source\SettingsPanel.h">
      <Filter>GUI\Panels</Filter>
    </ClInclude>
    <ClInclude Include="Source\QuitPanel.h">
      <Filter>GUI\Panels</Filter>
    </ClInclude>
  </ItemGroup>
  <ItemGroup>
    <Filter Include="External">
      <UniqueIdentifier>{83a966c7-b4bb-4eff-9c2c-3ff3c7b55a60}</UniqueIdentifier>
    </Filter>
    <Filter Include="Utils">
      <UniqueIdentifier>{2cad778a-d356-48b0-9fee-587f1bbb187e}</UniqueIdentifier>
    </Filter>
    <Filter Include="External\PugiXml">
      <UniqueIdentifier>{2855ff7f-53a1-413d-a75b-18b4ade921dd}</UniqueIdentifier>
    </Filter>
    <Filter Include="Characters">
      <UniqueIdentifier>{0200e0a6-e7cd-4ce5-92aa-21ade0d3f497}</UniqueIdentifier>
    </Filter>
    <Filter Include="Scenes">
      <UniqueIdentifier>{f7d43be4-7377-4ccc-a118-71fe89ff169c}</UniqueIdentifier>
    </Filter>
    <Filter Include="Abilities">
      <UniqueIdentifier>{52b2a0b4-b5b6-449e-a85e-4da5e75469a0}</UniqueIdentifier>
    </Filter>
    <Filter Include="GUI">
      <UniqueIdentifier>{8eafa809-0cbe-40d3-8e02-74261e975ebf}</UniqueIdentifier>
    </Filter>
    <Filter Include="GUI\Panels">
      <UniqueIdentifier>{402f6da4-10ca-482c-b176-0cc054949086}</UniqueIdentifier>
    </Filter>
  </ItemGroup>
</Project>